// !$*UTF8*$!
{
	archiveVersion = 1;
	classes = {
	};
	objectVersion = 51;
	objects = {

/* Begin PBXBuildFile section */
		288EA9A5235F0B050099C6BD /* AppDelegate.swift in Sources */ = {isa = PBXBuildFile; fileRef = 288EA9A4235F0B050099C6BD /* AppDelegate.swift */; };
		288EA9AB235F0B050099C6BD /* GameScene.swift in Sources */ = {isa = PBXBuildFile; fileRef = 288EA9AA235F0B050099C6BD /* GameScene.swift */; };
		288EA9AD235F0B050099C6BD /* GameViewController.swift in Sources */ = {isa = PBXBuildFile; fileRef = 288EA9AC235F0B050099C6BD /* GameViewController.swift */; };
		288EA9B0235F0B050099C6BD /* Main.storyboard in Resources */ = {isa = PBXBuildFile; fileRef = 288EA9AE235F0B050099C6BD /* Main.storyboard */; };
		288EA9B2235F0B070099C6BD /* Assets.xcassets in Resources */ = {isa = PBXBuildFile; fileRef = 288EA9B1235F0B070099C6BD /* Assets.xcassets */; };
		288EA9B5235F0B070099C6BD /* LaunchScreen.storyboard in Resources */ = {isa = PBXBuildFile; fileRef = 288EA9B3235F0B070099C6BD /* LaunchScreen.storyboard */; };
		288EA9C2235F6D300099C6BD /* GameScene.sks in Resources */ = {isa = PBXBuildFile; fileRef = 288EA9C1235F6D300099C6BD /* GameScene.sks */; };
		288EA9C4235F7A2D0099C6BD /* Functions.swift in Sources */ = {isa = PBXBuildFile; fileRef = 288EA9C3235F7A2D0099C6BD /* Functions.swift */; };
		288EA9C6235F85B90099C6BD /* Station.swift in Sources */ = {isa = PBXBuildFile; fileRef = 288EA9C5235F85B90099C6BD /* Station.swift */; };
		288EA9CA235F88A00099C6BD /* Player.swift in Sources */ = {isa = PBXBuildFile; fileRef = 288EA9C9235F88A00099C6BD /* Player.swift */; };
		288EA9CC235F8E230099C6BD /* GameConstants.swift in Sources */ = {isa = PBXBuildFile; fileRef = 288EA9CB235F8E230099C6BD /* GameConstants.swift */; };
		288EA9D1235FA53A0099C6BD /* SKNode+extension.swift in Sources */ = {isa = PBXBuildFile; fileRef = 288EA9D0235FA53A0099C6BD /* SKNode+extension.swift */; };
		288EA9D323618EA60099C6BD /* .gitattributes in Resources */ = {isa = PBXBuildFile; fileRef = 288EA9D223618EA60099C6BD /* .gitattributes */; };
		288EA9D523618FB50099C6BD /* .gitignore in Resources */ = {isa = PBXBuildFile; fileRef = 288EA9D423618FB50099C6BD /* .gitignore */; };
		28C404E6236FF89A00A36FB0 /* Property.swift in Sources */ = {isa = PBXBuildFile; fileRef = 28C404E5236FF89A00A36FB0 /* Property.swift */; };
		32D3527624CA99DF0065C107 /* QuestionBank.swift in Sources */ = {isa = PBXBuildFile; fileRef = 32D3527524CA99DF0065C107 /* QuestionBank.swift */; };
		76678768C9BD16BE3C82860A /* Pods_Finnopoly.framework in Frameworks */ = {isa = PBXBuildFile; fileRef = 265DB1C8150FF2D65363B163 /* Pods_Finnopoly.framework */; };
		9D0B8CF8237C6E380011BDF8 /* Play.swift in Sources */ = {isa = PBXBuildFile; fileRef = 9D0B8CF7237C6E380011BDF8 /* Play.swift */; };
		C49D1A31238AD9CA001A3F69 /* Display.swift in Sources */ = {isa = PBXBuildFile; fileRef = C49D1A30238AD9CA001A3F69 /* Display.swift */; };
		C4DD88F72378986A0004EF9A /* images.atlas in Resources */ = {isa = PBXBuildFile; fileRef = C4DD88F62378986A0004EF9A /* images.atlas */; };
		C4DD88F92379269E0004EF9A /* Quit.swift in Sources */ = {isa = PBXBuildFile; fileRef = C4DD88F82379269E0004EF9A /* Quit.swift */; };
		C4DD88FD237930AB0004EF9A /* MainMenu.swift in Sources */ = {isa = PBXBuildFile; fileRef = C4DD88FC237930AB0004EF9A /* MainMenu.swift */; };
		C4DD88FF237931010004EF9A /* MainMenu.sks in Resources */ = {isa = PBXBuildFile; fileRef = C4DD88FE237931010004EF9A /* MainMenu.sks */; };
		C4DD8903237956480004EF9A /* GameSceneBGM.mp3 in Resources */ = {isa = PBXBuildFile; fileRef = C4DD8902237956470004EF9A /* GameSceneBGM.mp3 */; };
		C4E28622237493D600932B87 /* RollDice.swift in Sources */ = {isa = PBXBuildFile; fileRef = C4E28621237493D600932B87 /* RollDice.swift */; };
		C4E286242374940700932B87 /* SKControl.swift in Sources */ = {isa = PBXBuildFile; fileRef = C4E286232374940700932B87 /* SKControl.swift */; };
/* End PBXBuildFile section */

/* Begin PBXFileReference section */
		265DB1C8150FF2D65363B163 /* Pods_Finnopoly.framework */ = {isa = PBXFileReference; explicitFileType = wrapper.framework; includeInIndex = 0; path = Pods_Finnopoly.framework; sourceTree = BUILT_PRODUCTS_DIR; };
		288EA9A1235F0B050099C6BD /* Finnopoly.app */ = {isa = PBXFileReference; explicitFileType = wrapper.application; includeInIndex = 0; path = Finnopoly.app; sourceTree = BUILT_PRODUCTS_DIR; };
		288EA9A4235F0B050099C6BD /* AppDelegate.swift */ = {isa = PBXFileReference; lastKnownFileType = sourcecode.swift; path = AppDelegate.swift; sourceTree = "<group>"; };
		288EA9AA235F0B050099C6BD /* GameScene.swift */ = {isa = PBXFileReference; lastKnownFileType = sourcecode.swift; path = GameScene.swift; sourceTree = "<group>"; };
		288EA9AC235F0B050099C6BD /* GameViewController.swift */ = {isa = PBXFileReference; lastKnownFileType = sourcecode.swift; path = GameViewController.swift; sourceTree = "<group>"; };
		288EA9AF235F0B050099C6BD /* Base */ = {isa = PBXFileReference; lastKnownFileType = file.storyboard; name = Base; path = Base.lproj/Main.storyboard; sourceTree = "<group>"; };
		288EA9B1235F0B070099C6BD /* Assets.xcassets */ = {isa = PBXFileReference; lastKnownFileType = folder.assetcatalog; path = Assets.xcassets; sourceTree = "<group>"; };
		288EA9B4235F0B070099C6BD /* Base */ = {isa = PBXFileReference; lastKnownFileType = file.storyboard; name = Base; path = Base.lproj/LaunchScreen.storyboard; sourceTree = "<group>"; };
		288EA9B6235F0B070099C6BD /* Info.plist */ = {isa = PBXFileReference; lastKnownFileType = text.plist.xml; path = Info.plist; sourceTree = "<group>"; };
		288EA9C1235F6D300099C6BD /* GameScene.sks */ = {isa = PBXFileReference; lastKnownFileType = file.sks; path = GameScene.sks; sourceTree = "<group>"; };
		288EA9C3235F7A2D0099C6BD /* Functions.swift */ = {isa = PBXFileReference; lastKnownFileType = sourcecode.swift; path = Functions.swift; sourceTree = "<group>"; };
		288EA9C5235F85B90099C6BD /* Station.swift */ = {isa = PBXFileReference; lastKnownFileType = sourcecode.swift; path = Station.swift; sourceTree = "<group>"; };
		288EA9C9235F88A00099C6BD /* Player.swift */ = {isa = PBXFileReference; lastKnownFileType = sourcecode.swift; path = Player.swift; sourceTree = "<group>"; };
		288EA9CB235F8E230099C6BD /* GameConstants.swift */ = {isa = PBXFileReference; lastKnownFileType = sourcecode.swift; path = GameConstants.swift; sourceTree = "<group>"; };
		288EA9D0235FA53A0099C6BD /* SKNode+extension.swift */ = {isa = PBXFileReference; lastKnownFileType = sourcecode.swift; path = "SKNode+extension.swift"; sourceTree = "<group>"; };
		288EA9D223618EA60099C6BD /* .gitattributes */ = {isa = PBXFileReference; lastKnownFileType = text; path = .gitattributes; sourceTree = "<group>"; };
		288EA9D423618FB50099C6BD /* .gitignore */ = {isa = PBXFileReference; lastKnownFileType = text; path = .gitignore; sourceTree = "<group>"; };
		28C404E5236FF89A00A36FB0 /* Property.swift */ = {isa = PBXFileReference; lastKnownFileType = sourcecode.swift; path = Property.swift; sourceTree = "<group>"; };
		32D3527524CA99DF0065C107 /* QuestionBank.swift */ = {isa = PBXFileReference; fileEncoding = 4; lastKnownFileType = sourcecode.swift; path = QuestionBank.swift; sourceTree = "<group>"; };
		3306CEA516BE3ABC31305C08 /* Pods-Finnopoly.release.xcconfig */ = {isa = PBXFileReference; includeInIndex = 1; lastKnownFileType = text.xcconfig; name = "Pods-Finnopoly.release.xcconfig"; path = "Target Support Files/Pods-Finnopoly/Pods-Finnopoly.release.xcconfig"; sourceTree = "<group>"; };
		92C6AAD05310C1C2399BBBAE /* Pods-Finnopoly.debug.xcconfig */ = {isa = PBXFileReference; includeInIndex = 1; lastKnownFileType = text.xcconfig; name = "Pods-Finnopoly.debug.xcconfig"; path = "Target Support Files/Pods-Finnopoly/Pods-Finnopoly.debug.xcconfig"; sourceTree = "<group>"; };
		9D0B8CF7237C6E380011BDF8 /* Play.swift */ = {isa = PBXFileReference; lastKnownFileType = sourcecode.swift; path = Play.swift; sourceTree = "<group>"; };
		C49D1A30238AD9CA001A3F69 /* Display.swift */ = {isa = PBXFileReference; lastKnownFileType = sourcecode.swift; path = Display.swift; sourceTree = "<group>"; };
		C4DD88F62378986A0004EF9A /* images.atlas */ = {isa = PBXFileReference; lastKnownFileType = folder.skatlas; path = images.atlas; sourceTree = "<group>"; };
		C4DD88F82379269E0004EF9A /* Quit.swift */ = {isa = PBXFileReference; lastKnownFileType = sourcecode.swift; path = Quit.swift; sourceTree = "<group>"; };
		C4DD88FC237930AB0004EF9A /* MainMenu.swift */ = {isa = PBXFileReference; lastKnownFileType = sourcecode.swift; path = MainMenu.swift; sourceTree = "<group>"; };
		C4DD88FE237931010004EF9A /* MainMenu.sks */ = {isa = PBXFileReference; lastKnownFileType = file.sks; path = MainMenu.sks; sourceTree = "<group>"; };
		C4DD8902237956470004EF9A /* GameSceneBGM.mp3 */ = {isa = PBXFileReference; lastKnownFileType = audio.mp3; path = GameSceneBGM.mp3; sourceTree = "<group>"; };
		C4E28621237493D600932B87 /* RollDice.swift */ = {isa = PBXFileReference; fileEncoding = 4; lastKnownFileType = sourcecode.swift; path = RollDice.swift; sourceTree = "<group>"; };
		C4E286232374940700932B87 /* SKControl.swift */ = {isa = PBXFileReference; fileEncoding = 4; lastKnownFileType = sourcecode.swift; path = SKControl.swift; sourceTree = "<group>"; };
/* End PBXFileReference section */

/* Begin PBXFrameworksBuildPhase section */
		288EA99E235F0B050099C6BD /* Frameworks */ = {
			isa = PBXFrameworksBuildPhase;
			buildActionMask = 2147483647;
			files = (
				76678768C9BD16BE3C82860A /* Pods_Finnopoly.framework in Frameworks */,
			);
			runOnlyForDeploymentPostprocessing = 0;
		};
/* End PBXFrameworksBuildPhase section */

/* Begin PBXGroup section */
		288EA998235F0B050099C6BD = {
			isa = PBXGroup;
			children = (
				288EA9D223618EA60099C6BD /* .gitattributes */,
				288EA9D423618FB50099C6BD /* .gitignore */,
				288EA9A3235F0B050099C6BD /* Finnopoly */,
				288EA9A2235F0B050099C6BD /* Products */,
				C351AE5D3E43C8DD824CFA2E /* Pods */,
				B751EF43A7ED5523A0A3DAF0 /* Frameworks */,
			);
			sourceTree = "<group>";
		};
		288EA9A2235F0B050099C6BD /* Products */ = {
			isa = PBXGroup;
			children = (
				288EA9A1235F0B050099C6BD /* Finnopoly.app */,
			);
			name = Products;
			sourceTree = "<group>";
		};
		288EA9A3235F0B050099C6BD /* Finnopoly */ = {
			isa = PBXGroup;
			children = (
				C4DD88F62378986A0004EF9A /* images.atlas */,
				288EA9CF235FA51E0099C6BD /* Extension */,
				C4E28620237493D600932B87 /* Buttons */,
				288EA9C8235F85E90099C6BD /* Custom Classes */,
				288EA9C7235F85C50099C6BD /* Constants */,
				288EA9A4235F0B050099C6BD /* AppDelegate.swift */,
				288EA9AA235F0B050099C6BD /* GameScene.swift */,
				288EA9C1235F6D300099C6BD /* GameScene.sks */,
				C4DD88FC237930AB0004EF9A /* MainMenu.swift */,
				C4DD88FE237931010004EF9A /* MainMenu.sks */,
				288EA9AC235F0B050099C6BD /* GameViewController.swift */,
				288EA9AE235F0B050099C6BD /* Main.storyboard */,
				288EA9B1235F0B070099C6BD /* Assets.xcassets */,
				C4DD8902237956470004EF9A /* GameSceneBGM.mp3 */,
				288EA9B3235F0B070099C6BD /* LaunchScreen.storyboard */,
				288EA9B6235F0B070099C6BD /* Info.plist */,
			);
			path = Finnopoly;
			sourceTree = "<group>";
		};
		288EA9C7235F85C50099C6BD /* Constants */ = {
			isa = PBXGroup;
			children = (
				288EA9CB235F8E230099C6BD /* GameConstants.swift */,
				288EA9C3235F7A2D0099C6BD /* Functions.swift */,
			);
			path = Constants;
			sourceTree = "<group>";
		};
		288EA9C8235F85E90099C6BD /* Custom Classes */ = {
			isa = PBXGroup;
			children = (
				288EA9C5235F85B90099C6BD /* Station.swift */,
				32D3527524CA99DF0065C107 /* QuestionBank.swift */,
				288EA9C9235F88A00099C6BD /* Player.swift */,
				28C404E5236FF89A00A36FB0 /* Property.swift */,
			);
			path = "Custom Classes";
			sourceTree = "<group>";
		};
		288EA9CF235FA51E0099C6BD /* Extension */ = {
			isa = PBXGroup;
			children = (
				288EA9D0235FA53A0099C6BD /* SKNode+extension.swift */,
			);
			path = Extension;
			sourceTree = "<group>";
		};
		B751EF43A7ED5523A0A3DAF0 /* Frameworks */ = {
			isa = PBXGroup;
			children = (
				265DB1C8150FF2D65363B163 /* Pods_Finnopoly.framework */,
			);
			name = Frameworks;
			sourceTree = "<group>";
		};
		C351AE5D3E43C8DD824CFA2E /* Pods */ = {
			isa = PBXGroup;
			children = (
				92C6AAD05310C1C2399BBBAE /* Pods-Finnopoly.debug.xcconfig */,
				3306CEA516BE3ABC31305C08 /* Pods-Finnopoly.release.xcconfig */,
			);
			path = Pods;
			sourceTree = "<group>";
		};
		C4E28620237493D600932B87 /* Buttons */ = {
			isa = PBXGroup;
			children = (
				C4E286232374940700932B87 /* SKControl.swift */,
				C4E28621237493D600932B87 /* RollDice.swift */,
				C4DD88F82379269E0004EF9A /* Quit.swift */,
				9D0B8CF7237C6E380011BDF8 /* Play.swift */,
				C49D1A30238AD9CA001A3F69 /* Display.swift */,
			);
			name = Buttons;
			path = Finnopoly/Buttons;
			sourceTree = SOURCE_ROOT;
		};
/* End PBXGroup section */

/* Begin PBXNativeTarget section */
		288EA9A0235F0B050099C6BD /* Finnopoly */ = {
			isa = PBXNativeTarget;
			buildConfigurationList = 288EA9B9235F0B070099C6BD /* Build configuration list for PBXNativeTarget "Finnopoly" */;
			buildPhases = (
				07B1CA3FB92843B49728E09C /* [CP] Check Pods Manifest.lock */,
				288EA99D235F0B050099C6BD /* Sources */,
				288EA99E235F0B050099C6BD /* Frameworks */,
				288EA99F235F0B050099C6BD /* Resources */,
				1F11A272CDE46D318FFC6E7C /* [CP] Embed Pods Frameworks */,
			);
			buildRules = (
			);
			dependencies = (
			);
			name = Finnopoly;
			productName = Finnopoly;
			productReference = 288EA9A1235F0B050099C6BD /* Finnopoly.app */;
			productType = "com.apple.product-type.application";
		};
/* End PBXNativeTarget section */

/* Begin PBXProject section */
		288EA999235F0B050099C6BD /* Project object */ = {
			isa = PBXProject;
			attributes = {
				LastSwiftUpdateCheck = 1110;
				LastUpgradeCheck = 1110;
				ORGANIZATIONNAME = Finnopoly;
				TargetAttributes = {
					288EA9A0235F0B050099C6BD = {
						CreatedOnToolsVersion = 11.1;
					};
				};
			};
			buildConfigurationList = 288EA99C235F0B050099C6BD /* Build configuration list for PBXProject "Finnopoly" */;
			compatibilityVersion = "Xcode 9.3";
			developmentRegion = en;
			hasScannedForEncodings = 0;
			knownRegions = (
				en,
				Base,
			);
			mainGroup = 288EA998235F0B050099C6BD;
			productRefGroup = 288EA9A2235F0B050099C6BD /* Products */;
			projectDirPath = "";
			projectRoot = "";
			targets = (
				288EA9A0235F0B050099C6BD /* Finnopoly */,
			);
		};
/* End PBXProject section */

/* Begin PBXResourcesBuildPhase section */
		288EA99F235F0B050099C6BD /* Resources */ = {
			isa = PBXResourcesBuildPhase;
			buildActionMask = 2147483647;
			files = (
				288EA9D323618EA60099C6BD /* .gitattributes in Resources */,
				288EA9C2235F6D300099C6BD /* GameScene.sks in Resources */,
				C4DD8903237956480004EF9A /* GameSceneBGM.mp3 in Resources */,
				C4DD88F72378986A0004EF9A /* images.atlas in Resources */,
				288EA9B0235F0B050099C6BD /* Main.storyboard in Resources */,
				288EA9B2235F0B070099C6BD /* Assets.xcassets in Resources */,
				C4DD88FF237931010004EF9A /* MainMenu.sks in Resources */,
				288EA9D523618FB50099C6BD /* .gitignore in Resources */,
				288EA9B5235F0B070099C6BD /* LaunchScreen.storyboard in Resources */,
			);
			runOnlyForDeploymentPostprocessing = 0;
		};
/* End PBXResourcesBuildPhase section */

/* Begin PBXShellScriptBuildPhase section */
		07B1CA3FB92843B49728E09C /* [CP] Check Pods Manifest.lock */ = {
			isa = PBXShellScriptBuildPhase;
			buildActionMask = 2147483647;
			files = (
			);
			inputFileListPaths = (
			);
			inputPaths = (
				"${PODS_PODFILE_DIR_PATH}/Podfile.lock",
				"${PODS_ROOT}/Manifest.lock",
			);
			name = "[CP] Check Pods Manifest.lock";
			outputFileListPaths = (
			);
			outputPaths = (
				"$(DERIVED_FILE_DIR)/Pods-Finnopoly-checkManifestLockResult.txt",
			);
			runOnlyForDeploymentPostprocessing = 0;
			shellPath = /bin/sh;
			shellScript = "diff \"${PODS_PODFILE_DIR_PATH}/Podfile.lock\" \"${PODS_ROOT}/Manifest.lock\" > /dev/null\nif [ $? != 0 ] ; then\n    # print error to STDERR\n    echo \"error: The sandbox is not in sync with the Podfile.lock. Run 'pod install' or update your CocoaPods installation.\" >&2\n    exit 1\nfi\n# This output is used by Xcode 'outputs' to avoid re-running this script phase.\necho \"SUCCESS\" > \"${SCRIPT_OUTPUT_FILE_0}\"\n";
			showEnvVarsInLog = 0;
		};
		1F11A272CDE46D318FFC6E7C /* [CP] Embed Pods Frameworks */ = {
			isa = PBXShellScriptBuildPhase;
			buildActionMask = 2147483647;
			files = (
			);
			inputFileListPaths = (
				"${PODS_ROOT}/Target Support Files/Pods-Finnopoly/Pods-Finnopoly-frameworks-${CONFIGURATION}-input-files.xcfilelist",
			);
			name = "[CP] Embed Pods Frameworks";
			outputFileListPaths = (
				"${PODS_ROOT}/Target Support Files/Pods-Finnopoly/Pods-Finnopoly-frameworks-${CONFIGURATION}-output-files.xcfilelist",
			);
			runOnlyForDeploymentPostprocessing = 0;
			shellPath = /bin/sh;
			shellScript = "\"${PODS_ROOT}/Target Support Files/Pods-Finnopoly/Pods-Finnopoly-frameworks.sh\"\n";
			showEnvVarsInLog = 0;
		};
/* End PBXShellScriptBuildPhase section */

/* Begin PBXSourcesBuildPhase section */
		288EA99D235F0B050099C6BD /* Sources */ = {
			isa = PBXSourcesBuildPhase;
			buildActionMask = 2147483647;
			files = (
				C4DD88FD237930AB0004EF9A /* MainMenu.swift in Sources */,
				32D3527624CA99DF0065C107 /* QuestionBank.swift in Sources */,
				28C404E6236FF89A00A36FB0 /* Property.swift in Sources */,
				288EA9AB235F0B050099C6BD /* GameScene.swift in Sources */,
				288EA9C6235F85B90099C6BD /* Station.swift in Sources */,
				288EA9AD235F0B050099C6BD /* GameViewController.swift in Sources */,
				288EA9A5235F0B050099C6BD /* AppDelegate.swift in Sources */,
				288EA9CC235F8E230099C6BD /* GameConstants.swift in Sources */,
				288EA9D1235FA53A0099C6BD /* SKNode+extension.swift in Sources */,
				288EA9CA235F88A00099C6BD /* Player.swift in Sources */,
				C4DD88F92379269E0004EF9A /* Quit.swift in Sources */,
				C49D1A31238AD9CA001A3F69 /* Display.swift in Sources */,
				288EA9C4235F7A2D0099C6BD /* Functions.swift in Sources */,
				9D0B8CF8237C6E380011BDF8 /* Play.swift in Sources */,
				C4E28622237493D600932B87 /* RollDice.swift in Sources */,
				C4E286242374940700932B87 /* SKControl.swift in Sources */,
			);
			runOnlyForDeploymentPostprocessing = 0;
		};
/* End PBXSourcesBuildPhase section */

/* Begin PBXVariantGroup section */
		288EA9AE235F0B050099C6BD /* Main.storyboard */ = {
			isa = PBXVariantGroup;
			children = (
				288EA9AF235F0B050099C6BD /* Base */,
			);
			name = Main.storyboard;
			sourceTree = "<group>";
		};
		288EA9B3235F0B070099C6BD /* LaunchScreen.storyboard */ = {
			isa = PBXVariantGroup;
			children = (
				288EA9B4235F0B070099C6BD /* Base */,
			);
			name = LaunchScreen.storyboard;
			sourceTree = "<group>";
		};
/* End PBXVariantGroup section */

/* Begin XCBuildConfiguration section */
		288EA9B7235F0B070099C6BD /* Debug */ = {
			isa = XCBuildConfiguration;
			buildSettings = {
				ALWAYS_SEARCH_USER_PATHS = NO;
				CLANG_ANALYZER_NONNULL = YES;
				CLANG_ANALYZER_NUMBER_OBJECT_CONVERSION = YES_AGGRESSIVE;
				CLANG_CXX_LANGUAGE_STANDARD = "gnu++14";
				CLANG_CXX_LIBRARY = "libc++";
				CLANG_ENABLE_MODULES = YES;
				CLANG_ENABLE_OBJC_ARC = YES;
				CLANG_ENABLE_OBJC_WEAK = YES;
				CLANG_WARN_BLOCK_CAPTURE_AUTORELEASING = YES;
				CLANG_WARN_BOOL_CONVERSION = YES;
				CLANG_WARN_COMMA = YES;
				CLANG_WARN_CONSTANT_CONVERSION = YES;
				CLANG_WARN_DEPRECATED_OBJC_IMPLEMENTATIONS = YES;
				CLANG_WARN_DIRECT_OBJC_ISA_USAGE = YES_ERROR;
				CLANG_WARN_DOCUMENTATION_COMMENTS = YES;
				CLANG_WARN_EMPTY_BODY = YES;
				CLANG_WARN_ENUM_CONVERSION = YES;
				CLANG_WARN_INFINITE_RECURSION = YES;
				CLANG_WARN_INT_CONVERSION = YES;
				CLANG_WARN_NON_LITERAL_NULL_CONVERSION = YES;
				CLANG_WARN_OBJC_IMPLICIT_RETAIN_SELF = YES;
				CLANG_WARN_OBJC_LITERAL_CONVERSION = YES;
				CLANG_WARN_OBJC_ROOT_CLASS = YES_ERROR;
				CLANG_WARN_RANGE_LOOP_ANALYSIS = YES;
				CLANG_WARN_STRICT_PROTOTYPES = YES;
				CLANG_WARN_SUSPICIOUS_MOVE = YES;
				CLANG_WARN_UNGUARDED_AVAILABILITY = YES_AGGRESSIVE;
				CLANG_WARN_UNREACHABLE_CODE = YES;
				CLANG_WARN__DUPLICATE_METHOD_MATCH = YES;
				COPY_PHASE_STRIP = NO;
				DEBUG_INFORMATION_FORMAT = dwarf;
				ENABLE_STRICT_OBJC_MSGSEND = YES;
				ENABLE_TESTABILITY = YES;
				GCC_C_LANGUAGE_STANDARD = gnu11;
				GCC_DYNAMIC_NO_PIC = NO;
				GCC_NO_COMMON_BLOCKS = YES;
				GCC_OPTIMIZATION_LEVEL = 0;
				GCC_PREPROCESSOR_DEFINITIONS = (
					"DEBUG=1",
					"$(inherited)",
				);
				GCC_WARN_64_TO_32_BIT_CONVERSION = YES;
				GCC_WARN_ABOUT_RETURN_TYPE = YES_ERROR;
				GCC_WARN_UNDECLARED_SELECTOR = YES;
				GCC_WARN_UNINITIALIZED_AUTOS = YES_AGGRESSIVE;
				GCC_WARN_UNUSED_FUNCTION = YES;
				GCC_WARN_UNUSED_VARIABLE = YES;
				IPHONEOS_DEPLOYMENT_TARGET = 13.1;
				MTL_ENABLE_DEBUG_INFO = INCLUDE_SOURCE;
				MTL_FAST_MATH = YES;
				ONLY_ACTIVE_ARCH = YES;
				SDKROOT = iphoneos;
				SWIFT_ACTIVE_COMPILATION_CONDITIONS = DEBUG;
				SWIFT_OPTIMIZATION_LEVEL = "-Onone";
			};
			name = Debug;
		};
		288EA9B8235F0B070099C6BD /* Release */ = {
			isa = XCBuildConfiguration;
			buildSettings = {
				ALWAYS_SEARCH_USER_PATHS = NO;
				CLANG_ANALYZER_NONNULL = YES;
				CLANG_ANALYZER_NUMBER_OBJECT_CONVERSION = YES_AGGRESSIVE;
				CLANG_CXX_LANGUAGE_STANDARD = "gnu++14";
				CLANG_CXX_LIBRARY = "libc++";
				CLANG_ENABLE_MODULES = YES;
				CLANG_ENABLE_OBJC_ARC = YES;
				CLANG_ENABLE_OBJC_WEAK = YES;
				CLANG_WARN_BLOCK_CAPTURE_AUTORELEASING = YES;
				CLANG_WARN_BOOL_CONVERSION = YES;
				CLANG_WARN_COMMA = YES;
				CLANG_WARN_CONSTANT_CONVERSION = YES;
				CLANG_WARN_DEPRECATED_OBJC_IMPLEMENTATIONS = YES;
				CLANG_WARN_DIRECT_OBJC_ISA_USAGE = YES_ERROR;
				CLANG_WARN_DOCUMENTATION_COMMENTS = YES;
				CLANG_WARN_EMPTY_BODY = YES;
				CLANG_WARN_ENUM_CONVERSION = YES;
				CLANG_WARN_INFINITE_RECURSION = YES;
				CLANG_WARN_INT_CONVERSION = YES;
				CLANG_WARN_NON_LITERAL_NULL_CONVERSION = YES;
				CLANG_WARN_OBJC_IMPLICIT_RETAIN_SELF = YES;
				CLANG_WARN_OBJC_LITERAL_CONVERSION = YES;
				CLANG_WARN_OBJC_ROOT_CLASS = YES_ERROR;
				CLANG_WARN_RANGE_LOOP_ANALYSIS = YES;
				CLANG_WARN_STRICT_PROTOTYPES = YES;
				CLANG_WARN_SUSPICIOUS_MOVE = YES;
				CLANG_WARN_UNGUARDED_AVAILABILITY = YES_AGGRESSIVE;
				CLANG_WARN_UNREACHABLE_CODE = YES;
				CLANG_WARN__DUPLICATE_METHOD_MATCH = YES;
				COPY_PHASE_STRIP = NO;
				DEBUG_INFORMATION_FORMAT = "dwarf-with-dsym";
				ENABLE_NS_ASSERTIONS = NO;
				ENABLE_STRICT_OBJC_MSGSEND = YES;
				GCC_C_LANGUAGE_STANDARD = gnu11;
				GCC_NO_COMMON_BLOCKS = YES;
				GCC_WARN_64_TO_32_BIT_CONVERSION = YES;
				GCC_WARN_ABOUT_RETURN_TYPE = YES_ERROR;
				GCC_WARN_UNDECLARED_SELECTOR = YES;
				GCC_WARN_UNINITIALIZED_AUTOS = YES_AGGRESSIVE;
				GCC_WARN_UNUSED_FUNCTION = YES;
				GCC_WARN_UNUSED_VARIABLE = YES;
				IPHONEOS_DEPLOYMENT_TARGET = 13.1;
				MTL_ENABLE_DEBUG_INFO = NO;
				MTL_FAST_MATH = YES;
				SDKROOT = iphoneos;
				SWIFT_COMPILATION_MODE = wholemodule;
				SWIFT_OPTIMIZATION_LEVEL = "-O";
				VALIDATE_PRODUCT = YES;
			};
			name = Release;
		};
		288EA9BA235F0B070099C6BD /* Debug */ = {
			isa = XCBuildConfiguration;
			baseConfigurationReference = 92C6AAD05310C1C2399BBBAE /* Pods-Finnopoly.debug.xcconfig */;
			buildSettings = {
				ASSETCATALOG_COMPILER_APPICON_NAME = AppIcon;
				CODE_SIGN_IDENTITY = "iPhone Developer";
				CODE_SIGN_STYLE = Automatic;
				DEVELOPMENT_TEAM = VURUP29275;
				INFOPLIST_FILE = Finnopoly/Info.plist;
				IPHONEOS_DEPLOYMENT_TARGET = 12.4;
				LD_RUNPATH_SEARCH_PATHS = (
					"$(inherited)",
					"@executable_path/Frameworks",
				);
				PRODUCT_BUNDLE_IDENTIFIER = com.EE4304.Finnopoly223;
				PRODUCT_NAME = "$(TARGET_NAME)";
				PROVISIONING_PROFILE_SPECIFIER = "";
				SWIFT_VERSION = 5.0;
				TARGETED_DEVICE_FAMILY = "1,2";
			};
			name = Debug;
		};
		288EA9BB235F0B070099C6BD /* Release */ = {
			isa = XCBuildConfiguration;
			baseConfigurationReference = 3306CEA516BE3ABC31305C08 /* Pods-Finnopoly.release.xcconfig */;
			buildSettings = {
				ASSETCATALOG_COMPILER_APPICON_NAME = AppIcon;
				CODE_SIGN_IDENTITY = "iPhone Developer";
				CODE_SIGN_STYLE = Automatic;
				DEVELOPMENT_TEAM = VURUP29275;
				INFOPLIST_FILE = Finnopoly/Info.plist;
				IPHONEOS_DEPLOYMENT_TARGET = 12.4;
				LD_RUNPATH_SEARCH_PATHS = (
					"$(inherited)",
					"@executable_path/Frameworks",
				);
				PRODUCT_BUNDLE_IDENTIFIER = com.EE4304.Finnopoly223;
				PRODUCT_NAME = "$(TARGET_NAME)";
				PROVISIONING_PROFILE_SPECIFIER = "";
				SWIFT_VERSION = 5.0;
				TARGETED_DEVICE_FAMILY = "1,2";
			};
			name = Release;
		};
/* End XCBuildConfiguration section */

/* Begin XCConfigurationList section */
		288EA99C235F0B050099C6BD /* Build configuration list for PBXProject "Finnopoly" */ = {
			isa = XCConfigurationList;
			buildConfigurations = (
				288EA9B7235F0B070099C6BD /* Debug */,
				288EA9B8235F0B070099C6BD /* Release */,
			);
			defaultConfigurationIsVisible = 0;
			defaultConfigurationName = Release;
		};
		288EA9B9235F0B070099C6BD /* Build configuration list for PBXNativeTarget "Finnopoly" */ = {
			isa = XCConfigurationList;
			buildConfigurations = (
				288EA9BA235F0B070099C6BD /* Debug */,
				288EA9BB235F0B070099C6BD /* Release */,
			);
			defaultConfigurationIsVisible = 0;
			defaultConfigurationName = Release;
		};
/* End XCConfigurationList section */
	};
	rootObject = 288EA999235F0B050099C6BD /* Project object */;
}
